// !$*UTF8*$!
{
	archiveVersion = 1;
	classes = {
	};
	objectVersion = 48;
	objects = {

/* Begin PBXBuildFile section */
		0504D8FDFD86F0E97F6F5049 /* Pods_App_OKFitness.framework in Frameworks */ = {isa = PBXBuildFile; fileRef = 8B2B77B014F679AD3F4281EA /* Pods_App_OKFitness.framework */; };
		C334B25D2043DCB200E88D2D /* FormLayoutViewController.swift in Sources */ = {isa = PBXBuildFile; fileRef = C334B25C2043DCB200E88D2D /* FormLayoutViewController.swift */; };
		C334B25F2043DD1400E88D2D /* UIViewController+Extensions.swift in Sources */ = {isa = PBXBuildFile; fileRef = C334B25E2043DD1400E88D2D /* UIViewController+Extensions.swift */; };
		C334B2612043DF8D00E88D2D /* LoginNavigationController.swift in Sources */ = {isa = PBXBuildFile; fileRef = C334B2602043DF8D00E88D2D /* LoginNavigationController.swift */; };
		C337151A205696CA00DFB1B5 /* RegistrationViewController.swift in Sources */ = {isa = PBXBuildFile; fileRef = C3371519205696CA00DFB1B5 /* RegistrationViewController.swift */; };
		C337151C205696DB00DFB1B5 /* GoalSelectionViewController.swift in Sources */ = {isa = PBXBuildFile; fileRef = C337151B205696DB00DFB1B5 /* GoalSelectionViewController.swift */; };
		C33715202056C4D700DFB1B5 /* WaiverViewController.swift in Sources */ = {isa = PBXBuildFile; fileRef = C337151F2056C4D700DFB1B5 /* WaiverViewController.swift */; };
		C33715222056C7F200DFB1B5 /* ContractViewController.swift in Sources */ = {isa = PBXBuildFile; fileRef = C33715212056C7F200DFB1B5 /* ContractViewController.swift */; };
		C33715242056C81C00DFB1B5 /* PARQViewController.swift in Sources */ = {isa = PBXBuildFile; fileRef = C33715232056C81C00DFB1B5 /* PARQViewController.swift */; };
		C346A61C2042DF24008625C8 /* Home.storyboard in Resources */ = {isa = PBXBuildFile; fileRef = C346A61A2042DF24008625C8 /* Home.storyboard */; };
		C346A61E2042F1C5008625C8 /* TextFieldView.xib in Resources */ = {isa = PBXBuildFile; fileRef = C346A61D2042F1C5008625C8 /* TextFieldView.xib */; };
		C346A6202042F280008625C8 /* Color+Extensions.swift in Sources */ = {isa = PBXBuildFile; fileRef = C346A61F2042F280008625C8 /* Color+Extensions.swift */; };
		C346A6222042F33C008625C8 /* TextFieldView.swift in Sources */ = {isa = PBXBuildFile; fileRef = C346A6212042F33C008625C8 /* TextFieldView.swift */; };
		C346A6242042F39B008625C8 /* TextField.swift in Sources */ = {isa = PBXBuildFile; fileRef = C346A6232042F39B008625C8 /* TextField.swift */; };
		C346A6282042F571008625C8 /* LoginViewController.swift in Sources */ = {isa = PBXBuildFile; fileRef = C346A6272042F571008625C8 /* LoginViewController.swift */; };
		C346A62A2043062F008625C8 /* GradientView.swift in Sources */ = {isa = PBXBuildFile; fileRef = C346A6292043062F008625C8 /* GradientView.swift */; };
		C346A62C20430A5F008625C8 /* GradientButtonView.swift in Sources */ = {isa = PBXBuildFile; fileRef = C346A62B20430A5F008625C8 /* GradientButtonView.swift */; };
		C3517F6B205FD5DC00D65D6C /* FitnessGoalCollectionViewCell.swift in Sources */ = {isa = PBXBuildFile; fileRef = C3517F6A205FD5DC00D65D6C /* FitnessGoalCollectionViewCell.swift */; };
		C3517F6D205FEC5F00D65D6C /* GoalSelectionViewModel.swift in Sources */ = {isa = PBXBuildFile; fileRef = C3517F6C205FEC5F00D65D6C /* GoalSelectionViewModel.swift */; };
		C3517F70205FEC9500D65D6C /* FitnessGoal.swift in Sources */ = {isa = PBXBuildFile; fileRef = C3517F6F205FEC9500D65D6C /* FitnessGoal.swift */; };
		C3517F77205FEDD800D65D6C /* GradientNavigationController.swift in Sources */ = {isa = PBXBuildFile; fileRef = C3517F76205FEDD800D65D6C /* GradientNavigationController.swift */; };
		C3517F79206007B000D65D6C /* PARQTableViewCell.swift in Sources */ = {isa = PBXBuildFile; fileRef = C3517F78206007B000D65D6C /* PARQTableViewCell.swift */; };
		C38449E62029F540006E7DEC /* AppDelegate.swift in Sources */ = {isa = PBXBuildFile; fileRef = C38449E52029F540006E7DEC /* AppDelegate.swift */; };
		C38449EB2029F540006E7DEC /* Main.storyboard in Resources */ = {isa = PBXBuildFile; fileRef = C38449E92029F540006E7DEC /* Main.storyboard */; };
		C38449ED2029F540006E7DEC /* Assets.xcassets in Resources */ = {isa = PBXBuildFile; fileRef = C38449EC2029F540006E7DEC /* Assets.xcassets */; };
		C38449F02029F540006E7DEC /* LaunchScreen.storyboard in Resources */ = {isa = PBXBuildFile; fileRef = C38449EE2029F540006E7DEC /* LaunchScreen.storyboard */; };
		C38449FB2029F540006E7DEC /* OKFitnessTests.swift in Sources */ = {isa = PBXBuildFile; fileRef = C38449FA2029F540006E7DEC /* OKFitnessTests.swift */; };
		C3844A062029F540006E7DEC /* OKFitnessUITests.swift in Sources */ = {isa = PBXBuildFile; fileRef = C3844A052029F540006E7DEC /* OKFitnessUITests.swift */; };
		E19A5FAD2127D0400086C6DD /* Coordinator.swift in Sources */ = {isa = PBXBuildFile; fileRef = E19A5FAC2127D0400086C6DD /* Coordinator.swift */; };
		E19A5FB02127D0AE0086C6DD /* CoordinatorProtocol.swift in Sources */ = {isa = PBXBuildFile; fileRef = E19A5FAF2127D0AE0086C6DD /* CoordinatorProtocol.swift */; };
		E19A5FB22127D0DA0086C6DD /* PresentableProtocol.swift in Sources */ = {isa = PBXBuildFile; fileRef = E19A5FB12127D0DA0086C6DD /* PresentableProtocol.swift */; };
		E19A5FB42127D0F20086C6DD /* RouterProtocol.swift in Sources */ = {isa = PBXBuildFile; fileRef = E19A5FB32127D0F20086C6DD /* RouterProtocol.swift */; };
		E19A5FB62127D1290086C6DD /* Router.swift in Sources */ = {isa = PBXBuildFile; fileRef = E19A5FB52127D1290086C6DD /* Router.swift */; };
		E19A5FB82127D1BB0086C6DD /* ViewController.swift in Sources */ = {isa = PBXBuildFile; fileRef = E19A5FB72127D1BB0086C6DD /* ViewController.swift */; };
		E19A5FBC212824C00086C6DD /* Localizable.strings in Resources */ = {isa = PBXBuildFile; fileRef = E19A5FBB212824C00086C6DD /* Localizable.strings */; };
		E19A5FBF212825050086C6DD /* Login.storyboard in Resources */ = {isa = PBXBuildFile; fileRef = E19A5FBD212825050086C6DD /* Login.storyboard */; };
		E19A5FC421282FA90086C6DD /* Assets.swift in Sources */ = {isa = PBXBuildFile; fileRef = E19A5FC121282FA80086C6DD /* Assets.swift */; };
		E19A5FC521282FA90086C6DD /* Storyboards.swift in Sources */ = {isa = PBXBuildFile; fileRef = E19A5FC221282FA80086C6DD /* Storyboards.swift */; };
		E19A5FC621282FA90086C6DD /* L10n.swift in Sources */ = {isa = PBXBuildFile; fileRef = E19A5FC321282FA90086C6DD /* L10n.swift */; };
		E19A5FC821283D390086C6DD /* AppCoordinator.swift in Sources */ = {isa = PBXBuildFile; fileRef = E19A5FC721283D390086C6DD /* AppCoordinator.swift */; };
		E19A5FCA21283E330086C6DD /* InitialViewController.swift in Sources */ = {isa = PBXBuildFile; fileRef = E19A5FC921283E330086C6DD /* InitialViewController.swift */; };
		E19A5FCD212846300086C6DD /* LoginCoordinator.swift in Sources */ = {isa = PBXBuildFile; fileRef = E19A5FCC212846300086C6DD /* LoginCoordinator.swift */; };
/* End PBXBuildFile section */

/* Begin PBXContainerItemProxy section */
		C38449F72029F540006E7DEC /* PBXContainerItemProxy */ = {
			isa = PBXContainerItemProxy;
			containerPortal = C38449DA2029F540006E7DEC /* Project object */;
			proxyType = 1;
			remoteGlobalIDString = C38449E12029F540006E7DEC;
			remoteInfo = OKFitness;
		};
		C3844A022029F540006E7DEC /* PBXContainerItemProxy */ = {
			isa = PBXContainerItemProxy;
			containerPortal = C38449DA2029F540006E7DEC /* Project object */;
			proxyType = 1;
			remoteGlobalIDString = C38449E12029F540006E7DEC;
			remoteInfo = OKFitness;
		};
/* End PBXContainerItemProxy section */

/* Begin PBXFileReference section */
		6CB69833E838A367775ED70D /* Pods-App-OKFitness.release.xcconfig */ = {isa = PBXFileReference; includeInIndex = 1; lastKnownFileType = text.xcconfig; name = "Pods-App-OKFitness.release.xcconfig"; path = "Pods/Target Support Files/Pods-App-OKFitness/Pods-App-OKFitness.release.xcconfig"; sourceTree = "<group>"; };
		8B2B77B014F679AD3F4281EA /* Pods_App_OKFitness.framework */ = {isa = PBXFileReference; explicitFileType = wrapper.framework; includeInIndex = 0; path = Pods_App_OKFitness.framework; sourceTree = BUILT_PRODUCTS_DIR; };
		C334B25C2043DCB200E88D2D /* FormLayoutViewController.swift */ = {isa = PBXFileReference; fileEncoding = 4; lastKnownFileType = sourcecode.swift; path = FormLayoutViewController.swift; sourceTree = "<group>"; };
		C334B25E2043DD1400E88D2D /* UIViewController+Extensions.swift */ = {isa = PBXFileReference; fileEncoding = 4; lastKnownFileType = sourcecode.swift; path = "UIViewController+Extensions.swift"; sourceTree = "<group>"; };
		C334B2602043DF8D00E88D2D /* LoginNavigationController.swift */ = {isa = PBXFileReference; lastKnownFileType = sourcecode.swift; path = LoginNavigationController.swift; sourceTree = "<group>"; };
		C3371519205696CA00DFB1B5 /* RegistrationViewController.swift */ = {isa = PBXFileReference; lastKnownFileType = sourcecode.swift; path = RegistrationViewController.swift; sourceTree = "<group>"; };
		C337151B205696DB00DFB1B5 /* GoalSelectionViewController.swift */ = {isa = PBXFileReference; lastKnownFileType = sourcecode.swift; path = GoalSelectionViewController.swift; sourceTree = "<group>"; };
		C337151F2056C4D700DFB1B5 /* WaiverViewController.swift */ = {isa = PBXFileReference; lastKnownFileType = sourcecode.swift; path = WaiverViewController.swift; sourceTree = "<group>"; };
		C33715212056C7F200DFB1B5 /* ContractViewController.swift */ = {isa = PBXFileReference; lastKnownFileType = sourcecode.swift; path = ContractViewController.swift; sourceTree = "<group>"; };
		C33715232056C81C00DFB1B5 /* PARQViewController.swift */ = {isa = PBXFileReference; lastKnownFileType = sourcecode.swift; path = PARQViewController.swift; sourceTree = "<group>"; };
		C346A61B2042DF24008625C8 /* Base */ = {isa = PBXFileReference; lastKnownFileType = file.storyboard; name = Base; path = Base.lproj/Home.storyboard; sourceTree = "<group>"; };
		C346A61D2042F1C5008625C8 /* TextFieldView.xib */ = {isa = PBXFileReference; fileEncoding = 4; lastKnownFileType = file.xib; path = TextFieldView.xib; sourceTree = "<group>"; };
		C346A61F2042F280008625C8 /* Color+Extensions.swift */ = {isa = PBXFileReference; lastKnownFileType = sourcecode.swift; path = "Color+Extensions.swift"; sourceTree = "<group>"; };
		C346A6212042F33C008625C8 /* TextFieldView.swift */ = {isa = PBXFileReference; fileEncoding = 4; lastKnownFileType = sourcecode.swift; path = TextFieldView.swift; sourceTree = "<group>"; };
		C346A6232042F39B008625C8 /* TextField.swift */ = {isa = PBXFileReference; fileEncoding = 4; lastKnownFileType = sourcecode.swift; path = TextField.swift; sourceTree = "<group>"; };
		C346A6272042F571008625C8 /* LoginViewController.swift */ = {isa = PBXFileReference; lastKnownFileType = sourcecode.swift; path = LoginViewController.swift; sourceTree = "<group>"; };
		C346A6292043062F008625C8 /* GradientView.swift */ = {isa = PBXFileReference; lastKnownFileType = sourcecode.swift; path = GradientView.swift; sourceTree = "<group>"; };
		C346A62B20430A5F008625C8 /* GradientButtonView.swift */ = {isa = PBXFileReference; lastKnownFileType = sourcecode.swift; path = GradientButtonView.swift; sourceTree = "<group>"; };
		C3517F6A205FD5DC00D65D6C /* FitnessGoalCollectionViewCell.swift */ = {isa = PBXFileReference; lastKnownFileType = sourcecode.swift; path = FitnessGoalCollectionViewCell.swift; sourceTree = "<group>"; };
		C3517F6C205FEC5F00D65D6C /* GoalSelectionViewModel.swift */ = {isa = PBXFileReference; lastKnownFileType = sourcecode.swift; path = GoalSelectionViewModel.swift; sourceTree = "<group>"; };
		C3517F6F205FEC9500D65D6C /* FitnessGoal.swift */ = {isa = PBXFileReference; lastKnownFileType = sourcecode.swift; path = FitnessGoal.swift; sourceTree = "<group>"; };
		C3517F76205FEDD800D65D6C /* GradientNavigationController.swift */ = {isa = PBXFileReference; lastKnownFileType = sourcecode.swift; path = GradientNavigationController.swift; sourceTree = "<group>"; };
		C3517F78206007B000D65D6C /* PARQTableViewCell.swift */ = {isa = PBXFileReference; lastKnownFileType = sourcecode.swift; path = PARQTableViewCell.swift; sourceTree = "<group>"; };
		C38449E22029F540006E7DEC /* OKFitness.app */ = {isa = PBXFileReference; explicitFileType = wrapper.application; includeInIndex = 0; path = OKFitness.app; sourceTree = BUILT_PRODUCTS_DIR; };
		C38449E52029F540006E7DEC /* AppDelegate.swift */ = {isa = PBXFileReference; lastKnownFileType = sourcecode.swift; path = AppDelegate.swift; sourceTree = "<group>"; };
		C38449EA2029F540006E7DEC /* Base */ = {isa = PBXFileReference; lastKnownFileType = file.storyboard; name = Base; path = Base.lproj/Main.storyboard; sourceTree = "<group>"; };
		C38449EC2029F540006E7DEC /* Assets.xcassets */ = {isa = PBXFileReference; lastKnownFileType = folder.assetcatalog; path = Assets.xcassets; sourceTree = "<group>"; };
		C38449EF2029F540006E7DEC /* Base */ = {isa = PBXFileReference; lastKnownFileType = file.storyboard; name = Base; path = Base.lproj/LaunchScreen.storyboard; sourceTree = "<group>"; };
		C38449F12029F540006E7DEC /* Info.plist */ = {isa = PBXFileReference; lastKnownFileType = text.plist.xml; path = Info.plist; sourceTree = "<group>"; };
		C38449F62029F540006E7DEC /* OKFitnessTests.xctest */ = {isa = PBXFileReference; explicitFileType = wrapper.cfbundle; includeInIndex = 0; path = OKFitnessTests.xctest; sourceTree = BUILT_PRODUCTS_DIR; };
		C38449FA2029F540006E7DEC /* OKFitnessTests.swift */ = {isa = PBXFileReference; lastKnownFileType = sourcecode.swift; path = OKFitnessTests.swift; sourceTree = "<group>"; };
		C38449FC2029F540006E7DEC /* Info.plist */ = {isa = PBXFileReference; lastKnownFileType = text.plist.xml; path = Info.plist; sourceTree = "<group>"; };
		C3844A012029F540006E7DEC /* OKFitnessUITests.xctest */ = {isa = PBXFileReference; explicitFileType = wrapper.cfbundle; includeInIndex = 0; path = OKFitnessUITests.xctest; sourceTree = BUILT_PRODUCTS_DIR; };
		C3844A052029F540006E7DEC /* OKFitnessUITests.swift */ = {isa = PBXFileReference; lastKnownFileType = sourcecode.swift; path = OKFitnessUITests.swift; sourceTree = "<group>"; };
		C3844A072029F540006E7DEC /* Info.plist */ = {isa = PBXFileReference; lastKnownFileType = text.plist.xml; path = Info.plist; sourceTree = "<group>"; };
		CCD92A0A406C34C015440FDA /* Pods-App-OKFitness.debug.xcconfig */ = {isa = PBXFileReference; includeInIndex = 1; lastKnownFileType = text.xcconfig; name = "Pods-App-OKFitness.debug.xcconfig"; path = "Pods/Target Support Files/Pods-App-OKFitness/Pods-App-OKFitness.debug.xcconfig"; sourceTree = "<group>"; };
		E19A5FAC2127D0400086C6DD /* Coordinator.swift */ = {isa = PBXFileReference; lastKnownFileType = sourcecode.swift; path = Coordinator.swift; sourceTree = "<group>"; };
		E19A5FAF2127D0AE0086C6DD /* CoordinatorProtocol.swift */ = {isa = PBXFileReference; lastKnownFileType = sourcecode.swift; path = CoordinatorProtocol.swift; sourceTree = "<group>"; };
		E19A5FB12127D0DA0086C6DD /* PresentableProtocol.swift */ = {isa = PBXFileReference; lastKnownFileType = sourcecode.swift; path = PresentableProtocol.swift; sourceTree = "<group>"; };
		E19A5FB32127D0F20086C6DD /* RouterProtocol.swift */ = {isa = PBXFileReference; lastKnownFileType = sourcecode.swift; path = RouterProtocol.swift; sourceTree = "<group>"; };
		E19A5FB52127D1290086C6DD /* Router.swift */ = {isa = PBXFileReference; lastKnownFileType = sourcecode.swift; path = Router.swift; sourceTree = "<group>"; };
		E19A5FB72127D1BB0086C6DD /* ViewController.swift */ = {isa = PBXFileReference; lastKnownFileType = sourcecode.swift; path = ViewController.swift; sourceTree = "<group>"; };
		E19A5FBB212824C00086C6DD /* Localizable.strings */ = {isa = PBXFileReference; lastKnownFileType = text.plist.strings; path = Localizable.strings; sourceTree = "<group>"; };
		E19A5FBE212825050086C6DD /* Base */ = {isa = PBXFileReference; lastKnownFileType = file.storyboard; name = Base; path = Base.lproj/Login.storyboard; sourceTree = "<group>"; };
		E19A5FC121282FA80086C6DD /* Assets.swift */ = {isa = PBXFileReference; fileEncoding = 4; lastKnownFileType = sourcecode.swift; path = Assets.swift; sourceTree = "<group>"; };
		E19A5FC221282FA80086C6DD /* Storyboards.swift */ = {isa = PBXFileReference; fileEncoding = 4; lastKnownFileType = sourcecode.swift; path = Storyboards.swift; sourceTree = "<group>"; };
		E19A5FC321282FA90086C6DD /* L10n.swift */ = {isa = PBXFileReference; fileEncoding = 4; lastKnownFileType = sourcecode.swift; path = L10n.swift; sourceTree = "<group>"; };
		E19A5FC721283D390086C6DD /* AppCoordinator.swift */ = {isa = PBXFileReference; lastKnownFileType = sourcecode.swift; path = AppCoordinator.swift; sourceTree = "<group>"; };
		E19A5FC921283E330086C6DD /* InitialViewController.swift */ = {isa = PBXFileReference; lastKnownFileType = sourcecode.swift; path = InitialViewController.swift; sourceTree = "<group>"; };
		E19A5FCC212846300086C6DD /* LoginCoordinator.swift */ = {isa = PBXFileReference; lastKnownFileType = sourcecode.swift; path = LoginCoordinator.swift; sourceTree = "<group>"; };
/* End PBXFileReference section */

/* Begin PBXFrameworksBuildPhase section */
		C38449DF2029F540006E7DEC /* Frameworks */ = {
			isa = PBXFrameworksBuildPhase;
			buildActionMask = 2147483647;
			files = (
				0504D8FDFD86F0E97F6F5049 /* Pods_App_OKFitness.framework in Frameworks */,
			);
			runOnlyForDeploymentPostprocessing = 0;
		};
		C38449F32029F540006E7DEC /* Frameworks */ = {
			isa = PBXFrameworksBuildPhase;
			buildActionMask = 2147483647;
			files = (
			);
			runOnlyForDeploymentPostprocessing = 0;
		};
		C38449FE2029F540006E7DEC /* Frameworks */ = {
			isa = PBXFrameworksBuildPhase;
			buildActionMask = 2147483647;
			files = (
			);
			runOnlyForDeploymentPostprocessing = 0;
		};
/* End PBXFrameworksBuildPhase section */

/* Begin PBXGroup section */
		33AD61CB1B5E7A6206D7DC2C /* Frameworks */ = {
			isa = PBXGroup;
			children = (
				8B2B77B014F679AD3F4281EA /* Pods_App_OKFitness.framework */,
			);
			name = Frameworks;
			sourceTree = "<group>";
		};
		5525D520301967CFF1939557 /* Pods */ = {
			isa = PBXGroup;
			children = (
				CCD92A0A406C34C015440FDA /* Pods-App-OKFitness.debug.xcconfig */,
				6CB69833E838A367775ED70D /* Pods-App-OKFitness.release.xcconfig */,
			);
			name = Pods;
			sourceTree = "<group>";
		};
		C3517F6E205FEC7A00D65D6C /* Models */ = {
			isa = PBXGroup;
			children = (
				C3517F6F205FEC9500D65D6C /* FitnessGoal.swift */,
			);
			path = Models;
			sourceTree = "<group>";
		};
		C3517F71205FED8100D65D6C /* Commons */ = {
			isa = PBXGroup;
			children = (
				C346A6232042F39B008625C8 /* TextField.swift */,
				C346A6212042F33C008625C8 /* TextFieldView.swift */,
				C346A6292043062F008625C8 /* GradientView.swift */,
				C346A62B20430A5F008625C8 /* GradientButtonView.swift */,
			);
			path = Commons;
			sourceTree = "<group>";
		};
		C3517F72205FED9100D65D6C /* Commons */ = {
			isa = PBXGroup;
			children = (
				E19A5FB72127D1BB0086C6DD /* ViewController.swift */,
				C334B25C2043DCB200E88D2D /* FormLayoutViewController.swift */,
				C3517F76205FEDD800D65D6C /* GradientNavigationController.swift */,
				E19A5FC921283E330086C6DD /* InitialViewController.swift */,
			);
			path = Commons;
			sourceTree = "<group>";
		};
		C3517F73205FED9600D65D6C /* Registration */ = {
			isa = PBXGroup;
			children = (
				C346A6272042F571008625C8 /* LoginViewController.swift */,
				C334B2602043DF8D00E88D2D /* LoginNavigationController.swift */,
				C3371519205696CA00DFB1B5 /* RegistrationViewController.swift */,
				C337151B205696DB00DFB1B5 /* GoalSelectionViewController.swift */,
				C337151F2056C4D700DFB1B5 /* WaiverViewController.swift */,
				C33715212056C7F200DFB1B5 /* ContractViewController.swift */,
				C33715232056C81C00DFB1B5 /* PARQViewController.swift */,
			);
			path = Registration;
			sourceTree = "<group>";
		};
		C3517F74205FEDA900D65D6C /* Registration */ = {
			isa = PBXGroup;
			children = (
				C3517F6A205FD5DC00D65D6C /* FitnessGoalCollectionViewCell.swift */,
				C3517F78206007B000D65D6C /* PARQTableViewCell.swift */,
			);
			path = Registration;
			sourceTree = "<group>";
		};
		C3517F75205FEDB800D65D6C /* Registration */ = {
			isa = PBXGroup;
			children = (
				C3517F6C205FEC5F00D65D6C /* GoalSelectionViewModel.swift */,
			);
			path = Registration;
			sourceTree = "<group>";
		};
		C38449D92029F540006E7DEC = {
			isa = PBXGroup;
			children = (
				C38449E42029F540006E7DEC /* OKFitness */,
				C38449F92029F540006E7DEC /* OKFitnessTests */,
				C3844A042029F540006E7DEC /* OKFitnessUITests */,
				C38449E32029F540006E7DEC /* Products */,
				5525D520301967CFF1939557 /* Pods */,
				33AD61CB1B5E7A6206D7DC2C /* Frameworks */,
			);
			sourceTree = "<group>";
		};
		C38449E32029F540006E7DEC /* Products */ = {
			isa = PBXGroup;
			children = (
				C38449E22029F540006E7DEC /* OKFitness.app */,
				C38449F62029F540006E7DEC /* OKFitnessTests.xctest */,
				C3844A012029F540006E7DEC /* OKFitnessUITests.xctest */,
			);
			name = Products;
			sourceTree = "<group>";
		};
		C38449E42029F540006E7DEC /* OKFitness */ = {
			isa = PBXGroup;
			children = (
				C3844A172029F57F006E7DEC /* App */,
				C3844A162029F57A006E7DEC /* Resources */,
				E19A5FC021282F740086C6DD /* Generated */,
				C3844A182029F594006E7DEC /* UI */,
				C3517F6E205FEC7A00D65D6C /* Models */,
				C3844A152029F575006E7DEC /* ViewModels */,
				C3844A142029F570006E7DEC /* Views */,
				C3844A132029F56A006E7DEC /* ViewControllers */,
				E19A5FAB2127D01C0086C6DD /* Coordinators */,
			);
			path = OKFitness;
			sourceTree = "<group>";
		};
		C38449F92029F540006E7DEC /* OKFitnessTests */ = {
			isa = PBXGroup;
			children = (
				C38449FA2029F540006E7DEC /* OKFitnessTests.swift */,
				C38449FC2029F540006E7DEC /* Info.plist */,
			);
			path = OKFitnessTests;
			sourceTree = "<group>";
		};
		C3844A042029F540006E7DEC /* OKFitnessUITests */ = {
			isa = PBXGroup;
			children = (
				C3844A052029F540006E7DEC /* OKFitnessUITests.swift */,
				C3844A072029F540006E7DEC /* Info.plist */,
			);
			path = OKFitnessUITests;
			sourceTree = "<group>";
		};
		C3844A132029F56A006E7DEC /* ViewControllers */ = {
			isa = PBXGroup;
			children = (
				C3517F73205FED9600D65D6C /* Registration */,
				C3517F72205FED9100D65D6C /* Commons */,
			);
			path = ViewControllers;
			sourceTree = "<group>";
		};
		C3844A142029F570006E7DEC /* Views */ = {
			isa = PBXGroup;
			children = (
				C3517F74205FEDA900D65D6C /* Registration */,
				C3517F71205FED8100D65D6C /* Commons */,
			);
			path = Views;
			sourceTree = "<group>";
		};
		C3844A152029F575006E7DEC /* ViewModels */ = {
			isa = PBXGroup;
			children = (
				C3517F75205FEDB800D65D6C /* Registration */,
			);
			path = ViewModels;
			sourceTree = "<group>";
		};
		C3844A162029F57A006E7DEC /* Resources */ = {
			isa = PBXGroup;
			children = (
				E19A5FBA2128235E0086C6DD /* Images */,
				E19A5FB92128234C0086C6DD /* Strings */,
				C346A61F2042F280008625C8 /* Color+Extensions.swift */,
				C334B25E2043DD1400E88D2D /* UIViewController+Extensions.swift */,
			);
			path = Resources;
			sourceTree = "<group>";
		};
		C3844A172029F57F006E7DEC /* App */ = {
			isa = PBXGroup;
			children = (
				C38449F12029F540006E7DEC /* Info.plist */,
				C38449E52029F540006E7DEC /* AppDelegate.swift */,
			);
			path = App;
			sourceTree = "<group>";
		};
		C3844A182029F594006E7DEC /* UI */ = {
			isa = PBXGroup;
			children = (
				C3844A1A2029F59D006E7DEC /* Xibs */,
				C3844A192029F597006E7DEC /* Storyboards */,
			);
			path = UI;
			sourceTree = "<group>";
		};
		C3844A192029F597006E7DEC /* Storyboards */ = {
			isa = PBXGroup;
			children = (
				E19A5FBD212825050086C6DD /* Login.storyboard */,
				C38449E92029F540006E7DEC /* Main.storyboard */,
				C38449EE2029F540006E7DEC /* LaunchScreen.storyboard */,
				C346A61A2042DF24008625C8 /* Home.storyboard */,
			);
			path = Storyboards;
			sourceTree = "<group>";
		};
		C3844A1A2029F59D006E7DEC /* Xibs */ = {
			isa = PBXGroup;
			children = (
				C346A61D2042F1C5008625C8 /* TextFieldView.xib */,
			);
			path = Xibs;
			sourceTree = "<group>";
		};
		E19A5FAB2127D01C0086C6DD /* Coordinators */ = {
			isa = PBXGroup;
			children = (
				E19A5FCB2128461C0086C6DD /* Login */,
				E19A5FAE2127D0780086C6DD /* Protocols */,
				E19A5FAC2127D0400086C6DD /* Coordinator.swift */,
				E19A5FB52127D1290086C6DD /* Router.swift */,
				E19A5FC721283D390086C6DD /* AppCoordinator.swift */,
			);
			path = Coordinators;
			sourceTree = "<group>";
		};
		E19A5FAE2127D0780086C6DD /* Protocols */ = {
			isa = PBXGroup;
			children = (
				E19A5FAF2127D0AE0086C6DD /* CoordinatorProtocol.swift */,
				E19A5FB12127D0DA0086C6DD /* PresentableProtocol.swift */,
				E19A5FB32127D0F20086C6DD /* RouterProtocol.swift */,
			);
			path = Protocols;
			sourceTree = "<group>";
		};
		E19A5FB92128234C0086C6DD /* Strings */ = {
			isa = PBXGroup;
			children = (
				E19A5FBB212824C00086C6DD /* Localizable.strings */,
			);
			path = Strings;
			sourceTree = "<group>";
		};
		E19A5FBA2128235E0086C6DD /* Images */ = {
			isa = PBXGroup;
			children = (
				C38449EC2029F540006E7DEC /* Assets.xcassets */,
			);
			path = Images;
			sourceTree = "<group>";
		};
		E19A5FC021282F740086C6DD /* Generated */ = {
			isa = PBXGroup;
			children = (
				E19A5FC121282FA80086C6DD /* Assets.swift */,
				E19A5FC321282FA90086C6DD /* L10n.swift */,
				E19A5FC221282FA80086C6DD /* Storyboards.swift */,
			);
			path = Generated;
			sourceTree = "<group>";
		};
		E19A5FCB2128461C0086C6DD /* Login */ = {
			isa = PBXGroup;
			children = (
				E19A5FCC212846300086C6DD /* LoginCoordinator.swift */,
			);
			path = Login;
			sourceTree = "<group>";
		};
/* End PBXGroup section */

/* Begin PBXNativeTarget section */
		C38449E12029F540006E7DEC /* OKFitness */ = {
			isa = PBXNativeTarget;
			buildConfigurationList = C3844A0A2029F540006E7DEC /* Build configuration list for PBXNativeTarget "OKFitness" */;
			buildPhases = (
				02AB0B9CE89FC89B97FFD2DF /* [CP] Check Pods Manifest.lock */,
				C38449DE2029F540006E7DEC /* Sources */,
				C38449DF2029F540006E7DEC /* Frameworks */,
				C38449E02029F540006E7DEC /* Resources */,
				97CD987EBEA00BD579AB6F46 /* [CP] Embed Pods Frameworks */,
			);
			buildRules = (
			);
			dependencies = (
			);
			name = OKFitness;
			productName = OKFitness;
			productReference = C38449E22029F540006E7DEC /* OKFitness.app */;
			productType = "com.apple.product-type.application";
		};
		C38449F52029F540006E7DEC /* OKFitnessTests */ = {
			isa = PBXNativeTarget;
			buildConfigurationList = C3844A0D2029F540006E7DEC /* Build configuration list for PBXNativeTarget "OKFitnessTests" */;
			buildPhases = (
				C38449F22029F540006E7DEC /* Sources */,
				C38449F32029F540006E7DEC /* Frameworks */,
				C38449F42029F540006E7DEC /* Resources */,
			);
			buildRules = (
			);
			dependencies = (
				C38449F82029F540006E7DEC /* PBXTargetDependency */,
			);
			name = OKFitnessTests;
			productName = OKFitnessTests;
			productReference = C38449F62029F540006E7DEC /* OKFitnessTests.xctest */;
			productType = "com.apple.product-type.bundle.unit-test";
		};
		C3844A002029F540006E7DEC /* OKFitnessUITests */ = {
			isa = PBXNativeTarget;
			buildConfigurationList = C3844A102029F540006E7DEC /* Build configuration list for PBXNativeTarget "OKFitnessUITests" */;
			buildPhases = (
				C38449FD2029F540006E7DEC /* Sources */,
				C38449FE2029F540006E7DEC /* Frameworks */,
				C38449FF2029F540006E7DEC /* Resources */,
			);
			buildRules = (
			);
			dependencies = (
				C3844A032029F540006E7DEC /* PBXTargetDependency */,
			);
			name = OKFitnessUITests;
			productName = OKFitnessUITests;
			productReference = C3844A012029F540006E7DEC /* OKFitnessUITests.xctest */;
			productType = "com.apple.product-type.bundle.ui-testing";
		};
/* End PBXNativeTarget section */

/* Begin PBXProject section */
		C38449DA2029F540006E7DEC /* Project object */ = {
			isa = PBXProject;
			attributes = {
				LastSwiftUpdateCheck = 0920;
				LastUpgradeCheck = 0940;
				ORGANIZATIONNAME = okfitness;
				TargetAttributes = {
					C38449E12029F540006E7DEC = {
						CreatedOnToolsVersion = 9.2;
						ProvisioningStyle = Manual;
					};
					C38449F52029F540006E7DEC = {
						CreatedOnToolsVersion = 9.2;
						ProvisioningStyle = Automatic;
						TestTargetID = C38449E12029F540006E7DEC;
					};
					C3844A002029F540006E7DEC = {
						CreatedOnToolsVersion = 9.2;
						ProvisioningStyle = Automatic;
						TestTargetID = C38449E12029F540006E7DEC;
					};
				};
			};
			buildConfigurationList = C38449DD2029F540006E7DEC /* Build configuration list for PBXProject "OKFitness" */;
			compatibilityVersion = "Xcode 8.0";
			developmentRegion = en;
			hasScannedForEncodings = 0;
			knownRegions = (
				en,
				Base,
			);
			mainGroup = C38449D92029F540006E7DEC;
			productRefGroup = C38449E32029F540006E7DEC /* Products */;
			projectDirPath = "";
			projectRoot = "";
			targets = (
				C38449E12029F540006E7DEC /* OKFitness */,
				C38449F52029F540006E7DEC /* OKFitnessTests */,
				C3844A002029F540006E7DEC /* OKFitnessUITests */,
			);
		};
/* End PBXProject section */

/* Begin PBXResourcesBuildPhase section */
		C38449E02029F540006E7DEC /* Resources */ = {
			isa = PBXResourcesBuildPhase;
			buildActionMask = 2147483647;
			files = (
				C38449F02029F540006E7DEC /* LaunchScreen.storyboard in Resources */,
				C38449ED2029F540006E7DEC /* Assets.xcassets in Resources */,
				E19A5FBF212825050086C6DD /* Login.storyboard in Resources */,
				C346A61C2042DF24008625C8 /* Home.storyboard in Resources */,
				E19A5FBC212824C00086C6DD /* Localizable.strings in Resources */,
				C346A61E2042F1C5008625C8 /* TextFieldView.xib in Resources */,
				C38449EB2029F540006E7DEC /* Main.storyboard in Resources */,
			);
			runOnlyForDeploymentPostprocessing = 0;
		};
		C38449F42029F540006E7DEC /* Resources */ = {
			isa = PBXResourcesBuildPhase;
			buildActionMask = 2147483647;
			files = (
			);
			runOnlyForDeploymentPostprocessing = 0;
		};
		C38449FF2029F540006E7DEC /* Resources */ = {
			isa = PBXResourcesBuildPhase;
			buildActionMask = 2147483647;
			files = (
			);
			runOnlyForDeploymentPostprocessing = 0;
		};
/* End PBXResourcesBuildPhase section */

/* Begin PBXShellScriptBuildPhase section */
		02AB0B9CE89FC89B97FFD2DF /* [CP] Check Pods Manifest.lock */ = {
			isa = PBXShellScriptBuildPhase;
			buildActionMask = 2147483647;
			files = (
			);
			inputPaths = (
				"${PODS_PODFILE_DIR_PATH}/Podfile.lock",
				"${PODS_ROOT}/Manifest.lock",
			);
			name = "[CP] Check Pods Manifest.lock";
			outputPaths = (
				"$(DERIVED_FILE_DIR)/Pods-App-OKFitness-checkManifestLockResult.txt",
			);
			runOnlyForDeploymentPostprocessing = 0;
			shellPath = /bin/sh;
			shellScript = "diff \"${PODS_PODFILE_DIR_PATH}/Podfile.lock\" \"${PODS_ROOT}/Manifest.lock\" > /dev/null\nif [ $? != 0 ] ; then\n    # print error to STDERR\n    echo \"error: The sandbox is not in sync with the Podfile.lock. Run 'pod install' or update your CocoaPods installation.\" >&2\n    exit 1\nfi\n# This output is used by Xcode 'outputs' to avoid re-running this script phase.\necho \"SUCCESS\" > \"${SCRIPT_OUTPUT_FILE_0}\"\n";
			showEnvVarsInLog = 0;
		};
		97CD987EBEA00BD579AB6F46 /* [CP] Embed Pods Frameworks */ = {
			isa = PBXShellScriptBuildPhase;
			buildActionMask = 2147483647;
			files = (
			);
			inputPaths = (
				"${SRCROOT}/Pods/Target Support Files/Pods-App-OKFitness/Pods-App-OKFitness-frameworks.sh",
				"${BUILT_PRODUCTS_DIR}/Action/Action.framework",
				"${BUILT_PRODUCTS_DIR}/Alamofire/Alamofire.framework",
				"${BUILT_PRODUCTS_DIR}/Bolts/Bolts.framework",
				"${BUILT_PRODUCTS_DIR}/DrawerController/DrawerController.framework",
				"${BUILT_PRODUCTS_DIR}/FBSDKCoreKit/FBSDKCoreKit.framework",
				"${BUILT_PRODUCTS_DIR}/FBSDKLoginKit/FBSDKLoginKit.framework",
				"${BUILT_PRODUCTS_DIR}/FBSDKShareKit/FBSDKShareKit.framework",
				"${BUILT_PRODUCTS_DIR}/FacebookCore/FacebookCore.framework",
				"${BUILT_PRODUCTS_DIR}/FacebookLogin/FacebookLogin.framework",
				"${BUILT_PRODUCTS_DIR}/FacebookShare/FacebookShare.framework",
				"${BUILT_PRODUCTS_DIR}/Kingfisher/Kingfisher.framework",
				"${BUILT_PRODUCTS_DIR}/Locksmith/Locksmith.framework",
				"${BUILT_PRODUCTS_DIR}/Moya/Moya.framework",
				"${BUILT_PRODUCTS_DIR}/Result/Result.framework",
				"${BUILT_PRODUCTS_DIR}/RxCocoa/RxCocoa.framework",
				"${BUILT_PRODUCTS_DIR}/RxSwift/RxSwift.framework",
				"${BUILT_PRODUCTS_DIR}/SwiftyJSON/SwiftyJSON.framework",
			);
			name = "[CP] Embed Pods Frameworks";
			outputPaths = (
				"${TARGET_BUILD_DIR}/${FRAMEWORKS_FOLDER_PATH}/Action.framework",
				"${TARGET_BUILD_DIR}/${FRAMEWORKS_FOLDER_PATH}/Alamofire.framework",
				"${TARGET_BUILD_DIR}/${FRAMEWORKS_FOLDER_PATH}/Bolts.framework",
				"${TARGET_BUILD_DIR}/${FRAMEWORKS_FOLDER_PATH}/DrawerController.framework",
				"${TARGET_BUILD_DIR}/${FRAMEWORKS_FOLDER_PATH}/FBSDKCoreKit.framework",
				"${TARGET_BUILD_DIR}/${FRAMEWORKS_FOLDER_PATH}/FBSDKLoginKit.framework",
				"${TARGET_BUILD_DIR}/${FRAMEWORKS_FOLDER_PATH}/FBSDKShareKit.framework",
				"${TARGET_BUILD_DIR}/${FRAMEWORKS_FOLDER_PATH}/FacebookCore.framework",
				"${TARGET_BUILD_DIR}/${FRAMEWORKS_FOLDER_PATH}/FacebookLogin.framework",
				"${TARGET_BUILD_DIR}/${FRAMEWORKS_FOLDER_PATH}/FacebookShare.framework",
				"${TARGET_BUILD_DIR}/${FRAMEWORKS_FOLDER_PATH}/Kingfisher.framework",
				"${TARGET_BUILD_DIR}/${FRAMEWORKS_FOLDER_PATH}/Locksmith.framework",
				"${TARGET_BUILD_DIR}/${FRAMEWORKS_FOLDER_PATH}/Moya.framework",
				"${TARGET_BUILD_DIR}/${FRAMEWORKS_FOLDER_PATH}/Result.framework",
				"${TARGET_BUILD_DIR}/${FRAMEWORKS_FOLDER_PATH}/RxCocoa.framework",
				"${TARGET_BUILD_DIR}/${FRAMEWORKS_FOLDER_PATH}/RxSwift.framework",
				"${TARGET_BUILD_DIR}/${FRAMEWORKS_FOLDER_PATH}/SwiftyJSON.framework",
			);
			runOnlyForDeploymentPostprocessing = 0;
			shellPath = /bin/sh;
			shellScript = "\"${SRCROOT}/Pods/Target Support Files/Pods-App-OKFitness/Pods-App-OKFitness-frameworks.sh\"\n";
			showEnvVarsInLog = 0;
		};
/* End PBXShellScriptBuildPhase section */

/* Begin PBXSourcesBuildPhase section */
		C38449DE2029F540006E7DEC /* Sources */ = {
			isa = PBXSourcesBuildPhase;
			buildActionMask = 2147483647;
			files = (
				C33715202056C4D700DFB1B5 /* WaiverViewController.swift in Sources */,
				C3517F79206007B000D65D6C /* PARQTableViewCell.swift in Sources */,
				E19A5FB62127D1290086C6DD /* Router.swift in Sources */,
				E19A5FCA21283E330086C6DD /* InitialViewController.swift in Sources */,
				C337151C205696DB00DFB1B5 /* GoalSelectionViewController.swift in Sources */,
				C38449E62029F540006E7DEC /* AppDelegate.swift in Sources */,
				C3517F6D205FEC5F00D65D6C /* GoalSelectionViewModel.swift in Sources */,
				C33715222056C7F200DFB1B5 /* ContractViewController.swift in Sources */,
				E19A5FB02127D0AE0086C6DD /* CoordinatorProtocol.swift in Sources */,
				E19A5FB82127D1BB0086C6DD /* ViewController.swift in Sources */,
				C3517F6B205FD5DC00D65D6C /* FitnessGoalCollectionViewCell.swift in Sources */,
				C334B2612043DF8D00E88D2D /* LoginNavigationController.swift in Sources */,
				C346A6222042F33C008625C8 /* TextFieldView.swift in Sources */,
				E19A5FC821283D390086C6DD /* AppCoordinator.swift in Sources */,
				E19A5FCD212846300086C6DD /* LoginCoordinator.swift in Sources */,
				C337151A205696CA00DFB1B5 /* RegistrationViewController.swift in Sources */,
				C334B25D2043DCB200E88D2D /* FormLayoutViewController.swift in Sources */,
				C346A62A2043062F008625C8 /* GradientView.swift in Sources */,
				E19A5FC621282FA90086C6DD /* L10n.swift in Sources */,
				C3517F70205FEC9500D65D6C /* FitnessGoal.swift in Sources */,
				C334B25F2043DD1400E88D2D /* UIViewController+Extensions.swift in Sources */,
				C33715242056C81C00DFB1B5 /* PARQViewController.swift in Sources */,
				C346A6242042F39B008625C8 /* TextField.swift in Sources */,
				C346A6282042F571008625C8 /* LoginViewController.swift in Sources */,
				E19A5FC521282FA90086C6DD /* Storyboards.swift in Sources */,
				E19A5FB42127D0F20086C6DD /* RouterProtocol.swift in Sources */,
				C3517F77205FEDD800D65D6C /* GradientNavigationController.swift in Sources */,
				C346A6202042F280008625C8 /* Color+Extensions.swift in Sources */,
				C346A62C20430A5F008625C8 /* GradientButtonView.swift in Sources */,
				E19A5FB22127D0DA0086C6DD /* PresentableProtocol.swift in Sources */,
				E19A5FAD2127D0400086C6DD /* Coordinator.swift in Sources */,
				E19A5FC421282FA90086C6DD /* Assets.swift in Sources */,
			);
			runOnlyForDeploymentPostprocessing = 0;
		};
		C38449F22029F540006E7DEC /* Sources */ = {
			isa = PBXSourcesBuildPhase;
			buildActionMask = 2147483647;
			files = (
				C38449FB2029F540006E7DEC /* OKFitnessTests.swift in Sources */,
			);
			runOnlyForDeploymentPostprocessing = 0;
		};
		C38449FD2029F540006E7DEC /* Sources */ = {
			isa = PBXSourcesBuildPhase;
			buildActionMask = 2147483647;
			files = (
				C3844A062029F540006E7DEC /* OKFitnessUITests.swift in Sources */,
			);
			runOnlyForDeploymentPostprocessing = 0;
		};
/* End PBXSourcesBuildPhase section */

/* Begin PBXTargetDependency section */
		C38449F82029F540006E7DEC /* PBXTargetDependency */ = {
			isa = PBXTargetDependency;
			target = C38449E12029F540006E7DEC /* OKFitness */;
			targetProxy = C38449F72029F540006E7DEC /* PBXContainerItemProxy */;
		};
		C3844A032029F540006E7DEC /* PBXTargetDependency */ = {
			isa = PBXTargetDependency;
			target = C38449E12029F540006E7DEC /* OKFitness */;
			targetProxy = C3844A022029F540006E7DEC /* PBXContainerItemProxy */;
		};
/* End PBXTargetDependency section */

/* Begin PBXVariantGroup section */
		C346A61A2042DF24008625C8 /* Home.storyboard */ = {
			isa = PBXVariantGroup;
			children = (
				C346A61B2042DF24008625C8 /* Base */,
			);
			name = Home.storyboard;
			sourceTree = "<group>";
		};
		C38449E92029F540006E7DEC /* Main.storyboard */ = {
			isa = PBXVariantGroup;
			children = (
				C38449EA2029F540006E7DEC /* Base */,
			);
			name = Main.storyboard;
			sourceTree = "<group>";
		};
		C38449EE2029F540006E7DEC /* LaunchScreen.storyboard */ = {
			isa = PBXVariantGroup;
			children = (
				C38449EF2029F540006E7DEC /* Base */,
			);
			name = LaunchScreen.storyboard;
			sourceTree = "<group>";
		};
		E19A5FBD212825050086C6DD /* Login.storyboard */ = {
			isa = PBXVariantGroup;
			children = (
				E19A5FBE212825050086C6DD /* Base */,
			);
			name = Login.storyboard;
			sourceTree = "<group>";
		};
/* End PBXVariantGroup section */

/* Begin XCBuildConfiguration section */
		C3844A082029F540006E7DEC /* Debug */ = {
			isa = XCBuildConfiguration;
			buildSettings = {
				ALWAYS_SEARCH_USER_PATHS = NO;
				CLANG_ANALYZER_NONNULL = YES;
				CLANG_ANALYZER_NUMBER_OBJECT_CONVERSION = YES_AGGRESSIVE;
				CLANG_CXX_LANGUAGE_STANDARD = "gnu++14";
				CLANG_CXX_LIBRARY = "libc++";
				CLANG_ENABLE_MODULES = YES;
				CLANG_ENABLE_OBJC_ARC = YES;
				CLANG_WARN_BLOCK_CAPTURE_AUTORELEASING = YES;
				CLANG_WARN_BOOL_CONVERSION = YES;
				CLANG_WARN_COMMA = YES;
				CLANG_WARN_CONSTANT_CONVERSION = YES;
				CLANG_WARN_DEPRECATED_OBJC_IMPLEMENTATIONS = YES;
				CLANG_WARN_DIRECT_OBJC_ISA_USAGE = YES_ERROR;
				CLANG_WARN_DOCUMENTATION_COMMENTS = YES;
				CLANG_WARN_EMPTY_BODY = YES;
				CLANG_WARN_ENUM_CONVERSION = YES;
				CLANG_WARN_INFINITE_RECURSION = YES;
				CLANG_WARN_INT_CONVERSION = YES;
				CLANG_WARN_NON_LITERAL_NULL_CONVERSION = YES;
				CLANG_WARN_OBJC_IMPLICIT_RETAIN_SELF = YES;
				CLANG_WARN_OBJC_LITERAL_CONVERSION = YES;
				CLANG_WARN_OBJC_ROOT_CLASS = YES_ERROR;
				CLANG_WARN_RANGE_LOOP_ANALYSIS = YES;
				CLANG_WARN_STRICT_PROTOTYPES = YES;
				CLANG_WARN_SUSPICIOUS_MOVE = YES;
				CLANG_WARN_UNGUARDED_AVAILABILITY = YES_AGGRESSIVE;
				CLANG_WARN_UNREACHABLE_CODE = YES;
				CLANG_WARN__DUPLICATE_METHOD_MATCH = YES;
				CODE_SIGN_IDENTITY = "iPhone Developer";
				COPY_PHASE_STRIP = NO;
				DEBUG_INFORMATION_FORMAT = dwarf;
				ENABLE_STRICT_OBJC_MSGSEND = YES;
				ENABLE_TESTABILITY = YES;
				GCC_C_LANGUAGE_STANDARD = gnu11;
				GCC_DYNAMIC_NO_PIC = NO;
				GCC_NO_COMMON_BLOCKS = YES;
				GCC_OPTIMIZATION_LEVEL = 0;
				GCC_PREPROCESSOR_DEFINITIONS = (
					"DEBUG=1",
					"$(inherited)",
				);
				GCC_WARN_64_TO_32_BIT_CONVERSION = YES;
				GCC_WARN_ABOUT_RETURN_TYPE = YES_ERROR;
				GCC_WARN_UNDECLARED_SELECTOR = YES;
				GCC_WARN_UNINITIALIZED_AUTOS = YES_AGGRESSIVE;
				GCC_WARN_UNUSED_FUNCTION = YES;
				GCC_WARN_UNUSED_VARIABLE = YES;
				IPHONEOS_DEPLOYMENT_TARGET = 9.1;
				MTL_ENABLE_DEBUG_INFO = YES;
				ONLY_ACTIVE_ARCH = YES;
				SDKROOT = iphoneos;
				SWIFT_ACTIVE_COMPILATION_CONDITIONS = DEBUG;
				SWIFT_OPTIMIZATION_LEVEL = "-Onone";
			};
			name = Debug;
		};
		C3844A092029F540006E7DEC /* Release */ = {
			isa = XCBuildConfiguration;
			buildSettings = {
				ALWAYS_SEARCH_USER_PATHS = NO;
				CLANG_ANALYZER_NONNULL = YES;
				CLANG_ANALYZER_NUMBER_OBJECT_CONVERSION = YES_AGGRESSIVE;
				CLANG_CXX_LANGUAGE_STANDARD = "gnu++14";
				CLANG_CXX_LIBRARY = "libc++";
				CLANG_ENABLE_MODULES = YES;
				CLANG_ENABLE_OBJC_ARC = YES;
				CLANG_WARN_BLOCK_CAPTURE_AUTORELEASING = YES;
				CLANG_WARN_BOOL_CONVERSION = YES;
				CLANG_WARN_COMMA = YES;
				CLANG_WARN_CONSTANT_CONVERSION = YES;
				CLANG_WARN_DEPRECATED_OBJC_IMPLEMENTATIONS = YES;
				CLANG_WARN_DIRECT_OBJC_ISA_USAGE = YES_ERROR;
				CLANG_WARN_DOCUMENTATION_COMMENTS = YES;
				CLANG_WARN_EMPTY_BODY = YES;
				CLANG_WARN_ENUM_CONVERSION = YES;
				CLANG_WARN_INFINITE_RECURSION = YES;
				CLANG_WARN_INT_CONVERSION = YES;
				CLANG_WARN_NON_LITERAL_NULL_CONVERSION = YES;
				CLANG_WARN_OBJC_IMPLICIT_RETAIN_SELF = YES;
				CLANG_WARN_OBJC_LITERAL_CONVERSION = YES;
				CLANG_WARN_OBJC_ROOT_CLASS = YES_ERROR;
				CLANG_WARN_RANGE_LOOP_ANALYSIS = YES;
				CLANG_WARN_STRICT_PROTOTYPES = YES;
				CLANG_WARN_SUSPICIOUS_MOVE = YES;
				CLANG_WARN_UNGUARDED_AVAILABILITY = YES_AGGRESSIVE;
				CLANG_WARN_UNREACHABLE_CODE = YES;
				CLANG_WARN__DUPLICATE_METHOD_MATCH = YES;
				CODE_SIGN_IDENTITY = "iPhone Developer";
				COPY_PHASE_STRIP = NO;
				DEBUG_INFORMATION_FORMAT = "dwarf-with-dsym";
				ENABLE_NS_ASSERTIONS = NO;
				ENABLE_STRICT_OBJC_MSGSEND = YES;
				GCC_C_LANGUAGE_STANDARD = gnu11;
				GCC_NO_COMMON_BLOCKS = YES;
				GCC_WARN_64_TO_32_BIT_CONVERSION = YES;
				GCC_WARN_ABOUT_RETURN_TYPE = YES_ERROR;
				GCC_WARN_UNDECLARED_SELECTOR = YES;
				GCC_WARN_UNINITIALIZED_AUTOS = YES_AGGRESSIVE;
				GCC_WARN_UNUSED_FUNCTION = YES;
				GCC_WARN_UNUSED_VARIABLE = YES;
				IPHONEOS_DEPLOYMENT_TARGET = 9.1;
				MTL_ENABLE_DEBUG_INFO = NO;
				SDKROOT = iphoneos;
				SWIFT_OPTIMIZATION_LEVEL = "-Owholemodule";
				VALIDATE_PRODUCT = YES;
			};
			name = Release;
		};
		C3844A0B2029F540006E7DEC /* Debug */ = {
			isa = XCBuildConfiguration;
			baseConfigurationReference = CCD92A0A406C34C015440FDA /* Pods-App-OKFitness.debug.xcconfig */;
			buildSettings = {
				ASSETCATALOG_COMPILER_APPICON_NAME = AppIcon;
				CODE_SIGN_STYLE = Manual;
				DEVELOPMENT_TEAM = "";
				INFOPLIST_FILE = OKFitness/app/Info.plist;
				LD_RUNPATH_SEARCH_PATHS = "$(inherited) @executable_path/Frameworks";
				PRODUCT_BUNDLE_IDENTIFIER = com.okfitness.OKFitness;
				PRODUCT_NAME = "$(TARGET_NAME)";
				PROVISIONING_PROFILE_SPECIFIER = "";
				SWIFT_VERSION = 4.0;
				TARGETED_DEVICE_FAMILY = "1,2";
			};
			name = Debug;
		};
		C3844A0C2029F540006E7DEC /* Release */ = {
			isa = XCBuildConfiguration;
			baseConfigurationReference = 6CB69833E838A367775ED70D /* Pods-App-OKFitness.release.xcconfig */;
			buildSettings = {
				ASSETCATALOG_COMPILER_APPICON_NAME = AppIcon;
				CODE_SIGN_STYLE = Manual;
				DEVELOPMENT_TEAM = "";
				INFOPLIST_FILE = OKFitness/app/Info.plist;
				LD_RUNPATH_SEARCH_PATHS = "$(inherited) @executable_path/Frameworks";
				PRODUCT_BUNDLE_IDENTIFIER = com.okfitness.OKFitness;
				PRODUCT_NAME = "$(TARGET_NAME)";
				PROVISIONING_PROFILE_SPECIFIER = "";
				SWIFT_VERSION = 4.0;
				TARGETED_DEVICE_FAMILY = "1,2";
			};
			name = Release;
		};
		C3844A0E2029F540006E7DEC /* Debug */ = {
			isa = XCBuildConfiguration;
			buildSettings = {
				ALWAYS_EMBED_SWIFT_STANDARD_LIBRARIES = YES;
				BUNDLE_LOADER = "$(TEST_HOST)";
				CODE_SIGN_STYLE = Automatic;
				DEVELOPMENT_TEAM = X47VDNT53L;
				INFOPLIST_FILE = OKFitnessTests/Info.plist;
				LD_RUNPATH_SEARCH_PATHS = "$(inherited) @executable_path/Frameworks @loader_path/Frameworks";
				PRODUCT_BUNDLE_IDENTIFIER = com.okfitness.OKFitnessTests;
				PRODUCT_NAME = "$(TARGET_NAME)";
				SWIFT_VERSION = 4.0;
				TARGETED_DEVICE_FAMILY = "1,2";
				TEST_HOST = "$(BUILT_PRODUCTS_DIR)/OKFitness.app/OKFitness";
			};
			name = Debug;
		};
		C3844A0F2029F540006E7DEC /* Release */ = {
			isa = XCBuildConfiguration;
			buildSettings = {
				ALWAYS_EMBED_SWIFT_STANDARD_LIBRARIES = YES;
				BUNDLE_LOADER = "$(TEST_HOST)";
				CODE_SIGN_STYLE = Automatic;
				DEVELOPMENT_TEAM = X47VDNT53L;
				INFOPLIST_FILE = OKFitnessTests/Info.plist;
				LD_RUNPATH_SEARCH_PATHS = "$(inherited) @executable_path/Frameworks @loader_path/Frameworks";
				PRODUCT_BUNDLE_IDENTIFIER = com.okfitness.OKFitnessTests;
				PRODUCT_NAME = "$(TARGET_NAME)";
				SWIFT_VERSION = 4.0;
				TARGETED_DEVICE_FAMILY = "1,2";
				TEST_HOST = "$(BUILT_PRODUCTS_DIR)/OKFitness.app/OKFitness";
			};
			name = Release;
		};
		C3844A112029F540006E7DEC /* Debug */ = {
			isa = XCBuildConfiguration;
			buildSettings = {
				ALWAYS_EMBED_SWIFT_STANDARD_LIBRARIES = YES;
				CODE_SIGN_STYLE = Automatic;
				DEVELOPMENT_TEAM = X47VDNT53L;
				INFOPLIST_FILE = OKFitnessUITests/Info.plist;
				LD_RUNPATH_SEARCH_PATHS = "$(inherited) @executable_path/Frameworks @loader_path/Frameworks";
				PRODUCT_BUNDLE_IDENTIFIER = com.okfitness.OKFitnessUITests;
				PRODUCT_NAME = "$(TARGET_NAME)";
				SWIFT_VERSION = 4.0;
				TARGETED_DEVICE_FAMILY = "1,2";
				TEST_TARGET_NAME = OKFitness;
			};
			name = Debug;
		};
		C3844A122029F540006E7DEC /* Release */ = {
			isa = XCBuildConfiguration;
			buildSettings = {
				ALWAYS_EMBED_SWIFT_STANDARD_LIBRARIES = YES;
				CODE_SIGN_STYLE = Automatic;
				DEVELOPMENT_TEAM = X47VDNT53L;
				INFOPLIST_FILE = OKFitnessUITests/Info.plist;
				LD_RUNPATH_SEARCH_PATHS = "$(inherited) @executable_path/Frameworks @loader_path/Frameworks";
				PRODUCT_BUNDLE_IDENTIFIER = com.okfitness.OKFitnessUITests;
				PRODUCT_NAME = "$(TARGET_NAME)";
				SWIFT_VERSION = 4.0;
				TARGETED_DEVICE_FAMILY = "1,2";
				TEST_TARGET_NAME = OKFitness;
			};
			name = Release;
		};
/* End XCBuildConfiguration section */

/* Begin XCConfigurationList section */
		C38449DD2029F540006E7DEC /* Build configuration list for PBXProject "OKFitness" */ = {
			isa = XCConfigurationList;
			buildConfigurations = (
				C3844A082029F540006E7DEC /* Debug */,
				C3844A092029F540006E7DEC /* Release */,
			);
			defaultConfigurationIsVisible = 0;
			defaultConfigurationName = Release;
		};
		C3844A0A2029F540006E7DEC /* Build configuration list for PBXNativeTarget "OKFitness" */ = {
			isa = XCConfigurationList;
			buildConfigurations = (
				C3844A0B2029F540006E7DEC /* Debug */,
				C3844A0C2029F540006E7DEC /* Release */,
			);
			defaultConfigurationIsVisible = 0;
			defaultConfigurationName = Release;
		};
		C3844A0D2029F540006E7DEC /* Build configuration list for PBXNativeTarget "OKFitnessTests" */ = {
			isa = XCConfigurationList;
			buildConfigurations = (
				C3844A0E2029F540006E7DEC /* Debug */,
				C3844A0F2029F540006E7DEC /* Release */,
			);
			defaultConfigurationIsVisible = 0;
			defaultConfigurationName = Release;
		};
		C3844A102029F540006E7DEC /* Build configuration list for PBXNativeTarget "OKFitnessUITests" */ = {
			isa = XCConfigurationList;
			buildConfigurations = (
				C3844A112029F540006E7DEC /* Debug */,
				C3844A122029F540006E7DEC /* Release */,
			);
			defaultConfigurationIsVisible = 0;
			defaultConfigurationName = Release;
		};
/* End XCConfigurationList section */
	};
	rootObject = C38449DA2029F540006E7DEC /* Project object */;
}
